
Microsoft Visual Studio Solution File, Format Version 12.00
# Visual Studio Version 17
VisualStudioVersion = 17.2.32630.192
MinimumVisualStudioVersion = 10.0.40219.1
Project("{9A19103F-16F7-4668-BE54-9A1E7A4F7556}") = "CRUD", "CRUD\CRUD.csproj", "{2DA1717A-D593-4A63-8842-22BFAC768DB8}"
EndProject
Project("{2150E333-8FDC-42A3-9474-1A3956D46DE8}") = "src", "src", "{5073494D-265B-430C-9D90-5FD757136C40}"
EndProject
Project("{FAE04EC0-301F-11D3-BF4B-00C04F79EFBC}") = "DataAccess", "DataAccess\DataAccess.csproj", "{1D2A869F-C081-47CA-ABF4-146FD53E2DAE}"
EndProject
Project("{FAE04EC0-301F-11D3-BF4B-00C04F79EFBC}") = "Business", "Business\Business.csproj", "{39459E17-089D-453E-88C8-69A95C298D2B}"
EndProject
Project("{FAE04EC0-301F-11D3-BF4B-00C04F79EFBC}") = "Service", "Service\Service.csproj", "{6B5FEA00-3518-49F6-BCC5-2F80D4657DC0}"
EndProject
Project("{FAE04EC0-301F-11D3-BF4B-00C04F79EFBC}") = "DTO", "DTO\DTO.csproj", "{1860A09C-5BAF-4A2E-A173-7DBA6EE80794}"
EndProject
Project("{FAE04EC0-301F-11D3-BF4B-00C04F79EFBC}") = "Utilities", "Utilities\Utilities.csproj", "{B88D84ED-7409-4CA1-A6C4-9FEC173C16F4}"
EndProject
Project("{2150E333-8FDC-42A3-9474-1A3956D46DE8}") = "test", "test", "{DFABF978-8772-4455-BE4B-07210163180D}"
EndProject
Project("{FAE04EC0-301F-11D3-BF4B-00C04F79EFBC}") = "CrudUnitTest", "CrudUnitTest\CrudUnitTest.csproj", "{B4F2B8A7-B478-46EE-84B0-3C33AB129E59}"
EndProject
Global
	GlobalSection(SolutionConfigurationPlatforms) = preSolution
		Debug|Any CPU = Debug|Any CPU
		Release|Any CPU = Release|Any CPU
	EndGlobalSection
	GlobalSection(ProjectConfigurationPlatforms) = postSolution
		{2DA1717A-D593-4A63-8842-22BFAC768DB8}.Debug|Any CPU.ActiveCfg = Debug|Any CPU
		{2DA1717A-D593-4A63-8842-22BFAC768DB8}.Debug|Any CPU.Build.0 = Debug|Any CPU
		{2DA1717A-D593-4A63-8842-22BFAC768DB8}.Release|Any CPU.ActiveCfg = Release|Any CPU
		{2DA1717A-D593-4A63-8842-22BFAC768DB8}.Release|Any CPU.Build.0 = Release|Any CPU
		{1D2A869F-C081-47CA-ABF4-146FD53E2DAE}.Debug|Any CPU.ActiveCfg = Debug|Any CPU
		{1D2A869F-C081-47CA-ABF4-146FD53E2DAE}.Debug|Any CPU.Build.0 = Debug|Any CPU
		{1D2A869F-C081-47CA-ABF4-146FD53E2DAE}.Release|Any CPU.ActiveCfg = Release|Any CPU
		{1D2A869F-C081-47CA-ABF4-146FD53E2DAE}.Release|Any CPU.Build.0 = Release|Any CPU
		{39459E17-089D-453E-88C8-69A95C298D2B}.Debug|Any CPU.ActiveCfg = Debug|Any CPU
		{39459E17-089D-453E-88C8-69A95C298D2B}.Debug|Any CPU.Build.0 = Debug|Any CPU
		{39459E17-089D-453E-88C8-69A95C298D2B}.Release|Any CPU.ActiveCfg = Release|Any CPU
		{39459E17-089D-453E-88C8-69A95C298D2B}.Release|Any CPU.Build.0 = Release|Any CPU
		{6B5FEA00-3518-49F6-BCC5-2F80D4657DC0}.Debug|Any CPU.ActiveCfg = Debug|Any CPU
		{6B5FEA00-3518-49F6-BCC5-2F80D4657DC0}.Debug|Any CPU.Build.0 = Debug|Any CPU
		{6B5FEA00-3518-49F6-BCC5-2F80D4657DC0}.Release|Any CPU.ActiveCfg = Release|Any CPU
		{6B5FEA00-3518-49F6-BCC5-2F80D4657DC0}.Release|Any CPU.Build.0 = Release|Any CPU
		{1860A09C-5BAF-4A2E-A173-7DBA6EE80794}.Debug|Any CPU.ActiveCfg = Debug|Any CPU
		{1860A09C-5BAF-4A2E-A173-7DBA6EE80794}.Debug|Any CPU.Build.0 = Debug|Any CPU
		{1860A09C-5BAF-4A2E-A173-7DBA6EE80794}.Release|Any CPU.ActiveCfg = Release|Any CPU
		{1860A09C-5BAF-4A2E-A173-7DBA6EE80794}.Release|Any CPU.Build.0 = Release|Any CPU
		{B88D84ED-7409-4CA1-A6C4-9FEC173C16F4}.Debug|Any CPU.ActiveCfg = Debug|Any CPU
		{B88D84ED-7409-4CA1-A6C4-9FEC173C16F4}.Debug|Any CPU.Build.0 = Debug|Any CPU
		{B88D84ED-7409-4CA1-A6C4-9FEC173C16F4}.Release|Any CPU.ActiveCfg = Release|Any CPU
		{B88D84ED-7409-4CA1-A6C4-9FEC173C16F4}.Release|Any CPU.Build.0 = Release|Any CPU
		{B4F2B8A7-B478-46EE-84B0-3C33AB129E59}.Debug|Any CPU.ActiveCfg = Debug|Any CPU
		{B4F2B8A7-B478-46EE-84B0-3C33AB129E59}.Debug|Any CPU.Build.0 = Debug|Any CPU
		{B4F2B8A7-B478-46EE-84B0-3C33AB129E59}.Release|Any CPU.ActiveCfg = Release|Any CPU
		{B4F2B8A7-B478-46EE-84B0-3C33AB129E59}.Release|Any CPU.Build.0 = Release|Any CPU
	EndGlobalSection
	GlobalSection(SolutionProperties) = preSolution
		HideSolutionNode = FALSE
	EndGlobalSection
	GlobalSection(NestedProjects) = preSolution
		{2DA1717A-D593-4A63-8842-22BFAC768DB8} = {5073494D-265B-430C-9D90-5FD757136C40}
		{1D2A869F-C081-47CA-ABF4-146FD53E2DAE} = {5073494D-265B-430C-9D90-5FD757136C40}
		{39459E17-089D-453E-88C8-69A95C298D2B} = {5073494D-265B-430C-9D90-5FD757136C40}
		{6B5FEA00-3518-49F6-BCC5-2F80D4657DC0} = {5073494D-265B-430C-9D90-5FD757136C40}
		{1860A09C-5BAF-4A2E-A173-7DBA6EE80794} = {5073494D-265B-430C-9D90-5FD757136C40}
		{B88D84ED-7409-4CA1-A6C4-9FEC173C16F4} = {5073494D-265B-430C-9D90-5FD757136C40}
		{B4F2B8A7-B478-46EE-84B0-3C33AB129E59} = {DFABF978-8772-4455-BE4B-07210163180D}
	EndGlobalSection
	GlobalSection(ExtensibilityGlobals) = postSolution
		SolutionGuid = {B26BCCA4-3B04-4830-8575-71745E94DCEA}
	EndGlobalSection
EndGlobal
